
Microsoft Visual Studio Solution File, Format Version 12.00
# Visual Studio Version 17
VisualStudioVersion = 17.8.34511.84
MinimumVisualStudioVersion = 10.0.40219.1
Project("{FAE04EC0-301F-11D3-BF4B-00C04F79EFBC}") = "ps3", "ps3\ps3.csproj", "{FBDE900D-8034-4502-9DB2-8C84CB1777BA}"
EndProject
Global
	GlobalSection(SolutionConfigurationPlatforms) = preSolution
		Debug|Any CPU = Debug|Any CPU
		Release|Any CPU = Release|Any CPU
	EndGlobalSection
	GlobalSection(ProjectConfigurationPlatforms) = postSolution
		{FBDE900D-8034-4502-9DB2-8C84CB1777BA}.Debug|Any CPU.ActiveCfg = Debug|Any CPU
		{FBDE900D-8034-4502-9DB2-8C84CB1777BA}.Debug|Any CPU.Build.0 = Debug|Any CPU
		{FBDE900D-8034-4502-9DB2-8C84CB1777BA}.Release|Any CPU.ActiveCfg = Release|Any CPU
		{FBDE900D-8034-4502-9DB2-8C84CB1777BA}.Release|Any CPU.Build.0 = Release|Any CPU
	EndGlobalSection
	GlobalSection(SolutionProperties) = preSolution
		HideSolutionNode = FALSE
	EndGlobalSection
	GlobalSection(ExtensibilityGlobals) = postSolution
		SolutionGuid = {80B9010A-970E-4DFB-BAA5-B73410586973}
	EndGlobalSection
EndGlobal
